// !$*UTF8*$!
{
	archiveVersion = 1;
	classes = {
	};
	objectVersion = 50;
	objects = {

/* Begin PBXBuildFile section */
		4D1897BC223F4E230089A8F4 /* Mibberai.h in Headers */ = {isa = PBXBuildFile; fileRef = 4D1897BA223F4E230089A8F4 /* Mibberai.h */; settings = {ATTRIBUTES = (Public, ); }; };
		4D1897CA223F4ECB0089A8F4 /* FaceHighlighter.swift in Sources */ = {isa = PBXBuildFile; fileRef = 4D1897C3223F4ECB0089A8F4 /* FaceHighlighter.swift */; };
		4D1897CB223F4ECB0089A8F4 /* FaceScanner.swift in Sources */ = {isa = PBXBuildFile; fileRef = 4D1897C4223F4ECB0089A8F4 /* FaceScanner.swift */; };
		4D1897CC223F4ECB0089A8F4 /* RectangleHighlighter.swift in Sources */ = {isa = PBXBuildFile; fileRef = 4D1897C5223F4ECB0089A8F4 /* RectangleHighlighter.swift */; };
		4D1897CD223F4ECB0089A8F4 /* DocumentScanner.swift in Sources */ = {isa = PBXBuildFile; fileRef = 4D1897C6223F4ECB0089A8F4 /* DocumentScanner.swift */; };
		4D1897CE223F4ECB0089A8F4 /* Camera.swift in Sources */ = {isa = PBXBuildFile; fileRef = 4D1897C7223F4ECB0089A8F4 /* Camera.swift */; };
		4D1897CF223F4ECB0089A8F4 /* Highlighter.swift in Sources */ = {isa = PBXBuildFile; fileRef = 4D1897C8223F4ECB0089A8F4 /* Highlighter.swift */; };
		4D1897D0223F4ECB0089A8F4 /* CameraSession.swift in Sources */ = {isa = PBXBuildFile; fileRef = 4D1897C9223F4ECB0089A8F4 /* CameraSession.swift */; };
		4D1897D3223F4F5F0089A8F4 /* VisionObserver.swift in Sources */ = {isa = PBXBuildFile; fileRef = 4D1897D2223F4F5F0089A8F4 /* VisionObserver.swift */; };
		4D1897E3223F51350089A8F4 /* VNRectangleObservation.swift in Sources */ = {isa = PBXBuildFile; fileRef = 4D1897D8223F51350089A8F4 /* VNRectangleObservation.swift */; };
		4D1897E6223F51350089A8F4 /* CIImage.swift in Sources */ = {isa = PBXBuildFile; fileRef = 4D1897DB223F51350089A8F4 /* CIImage.swift */; };
		4D1897E8223F51350089A8F4 /* CGPoint.swift in Sources */ = {isa = PBXBuildFile; fileRef = 4D1897DD223F51350089A8F4 /* CGPoint.swift */; };
		4D1897E9223F51350089A8F4 /* UIImage.swift in Sources */ = {isa = PBXBuildFile; fileRef = 4D1897DE223F51350089A8F4 /* UIImage.swift */; };
/* End PBXBuildFile section */

/* Begin PBXFileReference section */
		4D1897B7223F4E230089A8F4 /* Mibberai.framework */ = {isa = PBXFileReference; explicitFileType = wrapper.framework; includeInIndex = 0; path = Mibberai.framework; sourceTree = BUILT_PRODUCTS_DIR; };
		4D1897BA223F4E230089A8F4 /* Mibberai.h */ = {isa = PBXFileReference; lastKnownFileType = sourcecode.c.h; path = Mibberai.h; sourceTree = "<group>"; };
		4D1897BB223F4E230089A8F4 /* Info.plist */ = {isa = PBXFileReference; lastKnownFileType = text.plist.xml; path = Info.plist; sourceTree = "<group>"; };
		4D1897C3223F4ECB0089A8F4 /* FaceHighlighter.swift */ = {isa = PBXFileReference; fileEncoding = 4; lastKnownFileType = sourcecode.swift; path = FaceHighlighter.swift; sourceTree = "<group>"; };
		4D1897C4223F4ECB0089A8F4 /* FaceScanner.swift */ = {isa = PBXFileReference; fileEncoding = 4; lastKnownFileType = sourcecode.swift; path = FaceScanner.swift; sourceTree = "<group>"; };
		4D1897C5223F4ECB0089A8F4 /* RectangleHighlighter.swift */ = {isa = PBXFileReference; fileEncoding = 4; lastKnownFileType = sourcecode.swift; path = RectangleHighlighter.swift; sourceTree = "<group>"; };
		4D1897C6223F4ECB0089A8F4 /* DocumentScanner.swift */ = {isa = PBXFileReference; fileEncoding = 4; lastKnownFileType = sourcecode.swift; path = DocumentScanner.swift; sourceTree = "<group>"; };
		4D1897C7223F4ECB0089A8F4 /* Camera.swift */ = {isa = PBXFileReference; fileEncoding = 4; lastKnownFileType = sourcecode.swift; path = Camera.swift; sourceTree = "<group>"; };
		4D1897C8223F4ECB0089A8F4 /* Highlighter.swift */ = {isa = PBXFileReference; fileEncoding = 4; lastKnownFileType = sourcecode.swift; path = Highlighter.swift; sourceTree = "<group>"; };
		4D1897C9223F4ECB0089A8F4 /* CameraSession.swift */ = {isa = PBXFileReference; fileEncoding = 4; lastKnownFileType = sourcecode.swift; path = CameraSession.swift; sourceTree = "<group>"; };
		4D1897D2223F4F5F0089A8F4 /* VisionObserver.swift */ = {isa = PBXFileReference; fileEncoding = 4; lastKnownFileType = sourcecode.swift; path = VisionObserver.swift; sourceTree = "<group>"; };
		4D1897D8223F51350089A8F4 /* VNRectangleObservation.swift */ = {isa = PBXFileReference; fileEncoding = 4; lastKnownFileType = sourcecode.swift; path = VNRectangleObservation.swift; sourceTree = "<group>"; };
		4D1897DB223F51350089A8F4 /* CIImage.swift */ = {isa = PBXFileReference; fileEncoding = 4; lastKnownFileType = sourcecode.swift; path = CIImage.swift; sourceTree = "<group>"; };
		4D1897DD223F51350089A8F4 /* CGPoint.swift */ = {isa = PBXFileReference; fileEncoding = 4; lastKnownFileType = sourcecode.swift; path = CGPoint.swift; sourceTree = "<group>"; };
		4D1897DE223F51350089A8F4 /* UIImage.swift */ = {isa = PBXFileReference; fileEncoding = 4; lastKnownFileType = sourcecode.swift; path = UIImage.swift; sourceTree = "<group>"; };
/* End PBXFileReference section */

/* Begin PBXFrameworksBuildPhase section */
		4D1897B4223F4E230089A8F4 /* Frameworks */ = {
			isa = PBXFrameworksBuildPhase;
			buildActionMask = 2147483647;
			files = (
			);
			runOnlyForDeploymentPostprocessing = 0;
		};
/* End PBXFrameworksBuildPhase section */

/* Begin PBXGroup section */
		4D1897AD223F4E230089A8F4 = {
			isa = PBXGroup;
			children = (
				4D1897B9223F4E230089A8F4 /* Mibberai */,
				4D1897B8223F4E230089A8F4 /* Products */,
			);
			sourceTree = "<group>";
		};
		4D1897B8223F4E230089A8F4 /* Products */ = {
			isa = PBXGroup;
			children = (
				4D1897B7223F4E230089A8F4 /* Mibberai.framework */,
			);
			name = Products;
			sourceTree = "<group>";
		};
		4D1897B9223F4E230089A8F4 /* Mibberai */ = {
			isa = PBXGroup;
			children = (
				4D1897C2223F4ECB0089A8F4 /* Camera */,
				4D1897D1223F4F5F0089A8F4 /* Vision */,
				4D1897D4223F51350089A8F4 /* Extensions */,
				4D1897BA223F4E230089A8F4 /* Mibberai.h */,
				4D1897BB223F4E230089A8F4 /* Info.plist */,
			);
			path = Mibberai;
			sourceTree = "<group>";
		};
		4D1897C2223F4ECB0089A8F4 /* Camera */ = {
			isa = PBXGroup;
			children = (
				4D1897C3223F4ECB0089A8F4 /* FaceHighlighter.swift */,
				4D1897C4223F4ECB0089A8F4 /* FaceScanner.swift */,
				4D1897C5223F4ECB0089A8F4 /* RectangleHighlighter.swift */,
				4D1897C6223F4ECB0089A8F4 /* DocumentScanner.swift */,
				4D1897C7223F4ECB0089A8F4 /* Camera.swift */,
				4D1897C8223F4ECB0089A8F4 /* Highlighter.swift */,
				4D1897C9223F4ECB0089A8F4 /* CameraSession.swift */,
			);
			path = Camera;
			sourceTree = "<group>";
		};
		4D1897D1223F4F5F0089A8F4 /* Vision */ = {
			isa = PBXGroup;
			children = (
				4D1897D2223F4F5F0089A8F4 /* VisionObserver.swift */,
				4D1897D8223F51350089A8F4 /* VNRectangleObservation.swift */,
			);
			path = Vision;
			sourceTree = "<group>";
		};
		4D1897D4223F51350089A8F4 /* Extensions */ = {
			isa = PBXGroup;
			children = (
				4D1897DB223F51350089A8F4 /* CIImage.swift */,
				4D1897DD223F51350089A8F4 /* CGPoint.swift */,
				4D1897DE223F51350089A8F4 /* UIImage.swift */,
			);
			path = Extensions;
			sourceTree = "<group>";
		};
/* End PBXGroup section */

/* Begin PBXHeadersBuildPhase section */
		4D1897B2223F4E230089A8F4 /* Headers */ = {
			isa = PBXHeadersBuildPhase;
			buildActionMask = 2147483647;
			files = (
				4D1897BC223F4E230089A8F4 /* Mibberai.h in Headers */,
			);
			runOnlyForDeploymentPostprocessing = 0;
		};
/* End PBXHeadersBuildPhase section */

/* Begin PBXNativeTarget section */
		4D1897B6223F4E230089A8F4 /* Mibberai */ = {
			isa = PBXNativeTarget;
			buildConfigurationList = 4D1897BF223F4E230089A8F4 /* Build configuration list for PBXNativeTarget "Mibberai" */;
			buildPhases = (
				4D1897B2223F4E230089A8F4 /* Headers */,
				4D1897B3223F4E230089A8F4 /* Sources */,
				4D1897B4223F4E230089A8F4 /* Frameworks */,
				4D1897B5223F4E230089A8F4 /* Resources */,
			);
			buildRules = (
			);
			dependencies = (
			);
			name = Mibberai;
			productName = Mibberai;
			productReference = 4D1897B7223F4E230089A8F4 /* Mibberai.framework */;
			productType = "com.apple.product-type.framework";
		};
/* End PBXNativeTarget section */

/* Begin PBXProject section */
		4D1897AE223F4E230089A8F4 /* Project object */ = {
			isa = PBXProject;
			attributes = {
				LastUpgradeCheck = 1010;
				ORGANIZATIONNAME = "Nyasa Corp";
				TargetAttributes = {
					4D1897B6223F4E230089A8F4 = {
						CreatedOnToolsVersion = 10.1;
					};
				};
			};
			buildConfigurationList = 4D1897B1223F4E230089A8F4 /* Build configuration list for PBXProject "Mibberai" */;
			compatibilityVersion = "Xcode 9.3";
			developmentRegion = en;
			hasScannedForEncodings = 0;
			knownRegions = (
				en,
			);
			mainGroup = 4D1897AD223F4E230089A8F4;
			productRefGroup = 4D1897B8223F4E230089A8F4 /* Products */;
			projectDirPath = "";
			projectRoot = "";
			targets = (
				4D1897B6223F4E230089A8F4 /* Mibberai */,
			);
		};
/* End PBXProject section */

/* Begin PBXResourcesBuildPhase section */
		4D1897B5223F4E230089A8F4 /* Resources */ = {
			isa = PBXResourcesBuildPhase;
			buildActionMask = 2147483647;
			files = (
			);
			runOnlyForDeploymentPostprocessing = 0;
		};
/* End PBXResourcesBuildPhase section */

/* Begin PBXSourcesBuildPhase section */
		4D1897B3223F4E230089A8F4 /* Sources */ = {
			isa = PBXSourcesBuildPhase;
			buildActionMask = 2147483647;
			files = (
				4D1897CC223F4ECB0089A8F4 /* RectangleHighlighter.swift in Sources */,
				4D1897CF223F4ECB0089A8F4 /* Highlighter.swift in Sources */,
				4D1897CE223F4ECB0089A8F4 /* Camera.swift in Sources */,
				4D1897CD223F4ECB0089A8F4 /* DocumentScanner.swift in Sources */,
				4D1897D0223F4ECB0089A8F4 /* CameraSession.swift in Sources */,
				4D1897CA223F4ECB0089A8F4 /* FaceHighlighter.swift in Sources */,
				4D1897E6223F51350089A8F4 /* CIImage.swift in Sources */,
				4D1897E3223F51350089A8F4 /* VNRectangleObservation.swift in Sources */,
				4D1897CB223F4ECB0089A8F4 /* FaceScanner.swift in Sources */,
				4D1897E8223F51350089A8F4 /* CGPoint.swift in Sources */,
				4D1897E9223F51350089A8F4 /* UIImage.swift in Sources */,
				4D1897D3223F4F5F0089A8F4 /* VisionObserver.swift in Sources */,
			);
			runOnlyForDeploymentPostprocessing = 0;
		};
/* End PBXSourcesBuildPhase section */

/* Begin XCBuildConfiguration section */
		4D1897BD223F4E230089A8F4 /* Debug */ = {
			isa = XCBuildConfiguration;
			buildSettings = {
				ALWAYS_SEARCH_USER_PATHS = NO;
				CLANG_ANALYZER_NONNULL = YES;
				CLANG_ANALYZER_NUMBER_OBJECT_CONVERSION = YES_AGGRESSIVE;
				CLANG_CXX_LANGUAGE_STANDARD = "gnu++14";
				CLANG_CXX_LIBRARY = "libc++";
				CLANG_ENABLE_MODULES = YES;
				CLANG_ENABLE_OBJC_ARC = YES;
				CLANG_ENABLE_OBJC_WEAK = YES;
				CLANG_WARN_BLOCK_CAPTURE_AUTORELEASING = YES;
				CLANG_WARN_BOOL_CONVERSION = YES;
				CLANG_WARN_COMMA = YES;
				CLANG_WARN_CONSTANT_CONVERSION = YES;
				CLANG_WARN_DEPRECATED_OBJC_IMPLEMENTATIONS = YES;
				CLANG_WARN_DIRECT_OBJC_ISA_USAGE = YES_ERROR;
				CLANG_WARN_DOCUMENTATION_COMMENTS = YES;
				CLANG_WARN_EMPTY_BODY = YES;
				CLANG_WARN_ENUM_CONVERSION = YES;
				CLANG_WARN_INFINITE_RECURSION = YES;
				CLANG_WARN_INT_CONVERSION = YES;
				CLANG_WARN_NON_LITERAL_NULL_CONVERSION = YES;
				CLANG_WARN_OBJC_IMPLICIT_RETAIN_SELF = YES;
				CLANG_WARN_OBJC_LITERAL_CONVERSION = YES;
				CLANG_WARN_OBJC_ROOT_CLASS = YES_ERROR;
				CLANG_WARN_RANGE_LOOP_ANALYSIS = YES;
				CLANG_WARN_STRICT_PROTOTYPES = YES;
				CLANG_WARN_SUSPICIOUS_MOVE = YES;
				CLANG_WARN_UNGUARDED_AVAILABILITY = YES_AGGRESSIVE;
				CLANG_WARN_UNREACHABLE_CODE = YES;
				CLANG_WARN__DUPLICATE_METHOD_MATCH = YES;
				CODE_SIGN_IDENTITY = "iPhone Developer";
				COPY_PHASE_STRIP = NO;
				CURRENT_PROJECT_VERSION = 1;
				DEBUG_INFORMATION_FORMAT = dwarf;
				ENABLE_STRICT_OBJC_MSGSEND = YES;
				ENABLE_TESTABILITY = YES;
				GCC_C_LANGUAGE_STANDARD = gnu11;
				GCC_DYNAMIC_NO_PIC = NO;
				GCC_NO_COMMON_BLOCKS = YES;
				GCC_OPTIMIZATION_LEVEL = 0;
				GCC_PREPROCESSOR_DEFINITIONS = (
					"DEBUG=1",
					"$(inherited)",
				);
				GCC_WARN_64_TO_32_BIT_CONVERSION = YES;
				GCC_WARN_ABOUT_RETURN_TYPE = YES_ERROR;
				GCC_WARN_UNDECLARED_SELECTOR = YES;
				GCC_WARN_UNINITIALIZED_AUTOS = YES_AGGRESSIVE;
				GCC_WARN_UNUSED_FUNCTION = YES;
				GCC_WARN_UNUSED_VARIABLE = YES;
				IPHONEOS_DEPLOYMENT_TARGET = 12.1;
				MTL_ENABLE_DEBUG_INFO = INCLUDE_SOURCE;
				MTL_FAST_MATH = YES;
				ONLY_ACTIVE_ARCH = YES;
				SDKROOT = iphoneos;
				SWIFT_ACTIVE_COMPILATION_CONDITIONS = DEBUG;
				SWIFT_OPTIMIZATION_LEVEL = "-Onone";
				VERSIONING_SYSTEM = "apple-generic";
				VERSION_INFO_PREFIX = "";
			};
			name = Debug;
		};
		4D1897BE223F4E230089A8F4 /* Release */ = {
			isa = XCBuildConfiguration;
			buildSettings = {
				ALWAYS_SEARCH_USER_PATHS = NO;
				CLANG_ANALYZER_NONNULL = YES;
				CLANG_ANALYZER_NUMBER_OBJECT_CONVERSION = YES_AGGRESSIVE;
				CLANG_CXX_LANGUAGE_STANDARD = "gnu++14";
				CLANG_CXX_LIBRARY = "libc++";
				CLANG_ENABLE_MODULES = YES;
				CLANG_ENABLE_OBJC_ARC = YES;
				CLANG_ENABLE_OBJC_WEAK = YES;
				CLANG_WARN_BLOCK_CAPTURE_AUTORELEASING = YES;
				CLANG_WARN_BOOL_CONVERSION = YES;
				CLANG_WARN_COMMA = YES;
				CLANG_WARN_CONSTANT_CONVERSION = YES;
				CLANG_WARN_DEPRECATED_OBJC_IMPLEMENTATIONS = YES;
				CLANG_WARN_DIRECT_OBJC_ISA_USAGE = YES_ERROR;
				CLANG_WARN_DOCUMENTATION_COMMENTS = YES;
				CLANG_WARN_EMPTY_BODY = YES;
				CLANG_WARN_ENUM_CONVERSION = YES;
				CLANG_WARN_INFINITE_RECURSION = YES;
				CLANG_WARN_INT_CONVERSION = YES;
				CLANG_WARN_NON_LITERAL_NULL_CONVERSION = YES;
				CLANG_WARN_OBJC_IMPLICIT_RETAIN_SELF = YES;
				CLANG_WARN_OBJC_LITERAL_CONVERSION = YES;
				CLANG_WARN_OBJC_ROOT_CLASS = YES_ERROR;
				CLANG_WARN_RANGE_LOOP_ANALYSIS = YES;
				CLANG_WARN_STRICT_PROTOTYPES = YES;
				CLANG_WARN_SUSPICIOUS_MOVE = YES;
				CLANG_WARN_UNGUARDED_AVAILABILITY = YES_AGGRESSIVE;
				CLANG_WARN_UNREACHABLE_CODE = YES;
				CLANG_WARN__DUPLICATE_METHOD_MATCH = YES;
				CODE_SIGN_IDENTITY = "iPhone Developer";
				COPY_PHASE_STRIP = NO;
				CURRENT_PROJECT_VERSION = 1;
				DEBUG_INFORMATION_FORMAT = "dwarf-with-dsym";
				ENABLE_NS_ASSERTIONS = NO;
				ENABLE_STRICT_OBJC_MSGSEND = YES;
				GCC_C_LANGUAGE_STANDARD = gnu11;
				GCC_NO_COMMON_BLOCKS = YES;
				GCC_WARN_64_TO_32_BIT_CONVERSION = YES;
				GCC_WARN_ABOUT_RETURN_TYPE = YES_ERROR;
				GCC_WARN_UNDECLARED_SELECTOR = YES;
				GCC_WARN_UNINITIALIZED_AUTOS = YES_AGGRESSIVE;
				GCC_WARN_UNUSED_FUNCTION = YES;
				GCC_WARN_UNUSED_VARIABLE = YES;
				IPHONEOS_DEPLOYMENT_TARGET = 12.1;
				MTL_ENABLE_DEBUG_INFO = NO;
				MTL_FAST_MATH = YES;
				SDKROOT = iphoneos;
				SWIFT_COMPILATION_MODE = wholemodule;
				SWIFT_OPTIMIZATION_LEVEL = "-O";
				VALIDATE_PRODUCT = YES;
				VERSIONING_SYSTEM = "apple-generic";
				VERSION_INFO_PREFIX = "";
			};
			name = Release;
		};
		4D1897C0223F4E230089A8F4 /* Debug */ = {
			isa = XCBuildConfiguration;
			buildSettings = {
				CODE_SIGN_IDENTITY = "";
				CODE_SIGN_STYLE = Automatic;
				DEFINES_MODULE = YES;
				DEVELOPMENT_TEAM = MMM377M387;
				DYLIB_COMPATIBILITY_VERSION = 1;
				DYLIB_CURRENT_VERSION = 1;
				DYLIB_INSTALL_NAME_BASE = "@rpath";
				INFOPLIST_FILE = Mibberai/Info.plist;
				INSTALL_PATH = "$(LOCAL_LIBRARY_DIR)/Frameworks";
				LD_RUNPATH_SEARCH_PATHS = (
					"$(inherited)",
					"@executable_path/Frameworks",
					"@loader_path/Frameworks",
				);
				PRODUCT_BUNDLE_IDENTIFIER = nyasa.Mibberai;
				PRODUCT_NAME = "$(TARGET_NAME:c99extidentifier)";
				SKIP_INSTALL = YES;
				SWIFT_VERSION = 4.2;
				TARGETED_DEVICE_FAMILY = "1,2";
			};
			name = Debug;
		};
		4D1897C1223F4E230089A8F4 /* Release */ = {
			isa = XCBuildConfiguration;
			buildSettings = {
				CODE_SIGN_IDENTITY = "";
				CODE_SIGN_STYLE = Automatic;
				DEFINES_MODULE = YES;
				DEVELOPMENT_TEAM = MMM377M387;
				DYLIB_COMPATIBILITY_VERSION = 1;
				DYLIB_CURRENT_VERSION = 1;
				DYLIB_INSTALL_NAME_BASE = "@rpath";
				INFOPLIST_FILE = Mibberai/Info.plist;
				INSTALL_PATH = "$(LOCAL_LIBRARY_DIR)/Frameworks";
				LD_RUNPATH_SEARCH_PATHS = (
					"$(inherited)",
					"@executable_path/Frameworks",
					"@loader_path/Frameworks",
				);
				PRODUCT_BUNDLE_IDENTIFIER = nyasa.Mibberai;
				PRODUCT_NAME = "$(TARGET_NAME:c99extidentifier)";
				SKIP_INSTALL = YES;
				SWIFT_VERSION = 4.2;
				TARGETED_DEVICE_FAMILY = "1,2";
			};
			name = Release;
		};
/* End XCBuildConfiguration section */

/* Begin XCConfigurationList section */
		4D1897B1223F4E230089A8F4 /* Build configuration list for PBXProject "Mibberai" */ = {
			isa = XCConfigurationList;
			buildConfigurations = (
				4D1897BD223F4E230089A8F4 /* Debug */,
				4D1897BE223F4E230089A8F4 /* Release */,
			);
			defaultConfigurationIsVisible = 0;
			defaultConfigurationName = Release;
		};
		4D1897BF223F4E230089A8F4 /* Build configuration list for PBXNativeTarget "Mibberai" */ = {
			isa = XCConfigurationList;
			buildConfigurations = (
				4D1897C0223F4E230089A8F4 /* Debug */,
				4D1897C1223F4E230089A8F4 /* Release */,
			);
			defaultConfigurationIsVisible = 0;
			defaultConfigurationName = Release;
		};
/* End XCConfigurationList section */
	};
	rootObject = 4D1897AE223F4E230089A8F4 /* Project object */;
}
